Microsoft Visual Studio Solution File, Format Version 12.00
# Visual Studio 15
VisualStudioVersion = 15.0.28307.168
MinimumVisualStudioVersion = 10.0.40219.1
Project("{FAE04EC0-301F-11D3-BF4B-00C04F79EFBC}") = "KingmakerDiceRoller", "src\KingmakerDiceRoller\KingmakerDiceRoller.csproj", "{CC853086-4204-4AB4-8842-A841437A5B6A}"
EndProject
Project("{FAE04EC0-301F-11D3-BF4B-00C04F79EFBC}") = "KingmakerDiceRoller.DomainTests", "tests\KingmakerDiceRoller.DomainTests\KingmakerDiceRoller.DomainTests.csproj", "{0B8F3A1D-A3B6-43D0-A1CB-53511345F858}"
EndProject
Global
    GlobalSection(SolutionConfigurationPlatforms) = preSolution
        Debug|Any CPU = Debug|Any CPU
        Release|Any CPU = Release|Any CPU
    EndGlobalSection
    GlobalSection(ProjectConfigurationPlatforms) = postSolution
        {CC853086-4204-4AB4-8842-A841437A5B6A}.Debug|Any CPU.ActiveCfg = Debug|Any CPU
        {CC853086-4204-4AB4-8842-A841437A5B6A}.Debug|Any CPU.Build.0 = Debug|Any CPU
        {CC853086-4204-4AB4-8842-A841437A5B6A}.Release|Any CPU.ActiveCfg = Release|Any CPU
        {CC853086-4204-4AB4-8842-A841437A5B6A}.Release|Any CPU.Build.0 = Release|Any CPU
        {0B8F3A1D-A3B6-43D0-A1CB-53511345F858}.Debug|Any CPU.ActiveCfg = Debug|Any CPU
        {0B8F3A1D-A3B6-43D0-A1CB-53511345F858}.Debug|Any CPU.Build.0 = Debug|Any CPU
        {0B8F3A1D-A3B6-43D0-A1CB-53511345F858}.Release|Any CPU.ActiveCfg = Release|Any CPU
        {0B8F3A1D-A3B6-43D0-A1CB-53511345F858}.Release|Any CPU.Build.0 = Release|Any CPU
    EndGlobalSection
EndGlobal
